<?xml version="1.0" encoding="utf-8"?>
<Project ToolsVersion="4.0" xmlns="http://schemas.microsoft.com/developer/msbuild/2003">
  <ItemGroup>
    <Filter Include="Source Files">
      <UniqueIdentifier>{6e89451a-6f7f-45e0-ace7-554245ffc108}</UniqueIdentifier>
      <Extensions>cpp;c;cc;cxx;def;odl;idl;hpj;bat;asm;asmx</Extensions>
    </Filter>
    <Filter Include="Header Files">
      <UniqueIdentifier>{34ed2eb1-f150-4f20-810f-aa6c6a41c0e3}</UniqueIdentifier>
    </Filter>
    <Filter Include="CUDA Kernels">
      <UniqueIdentifier>{394c3b56-9d50-44e7-be69-94c81f6fcddd}</UniqueIdentifier>
      <Extensions>cu</Extensions>
    </Filter>
  </ItemGroup>
  <ItemGroup>
    <ClInclude Include="stdafx.h">
      <Filter>Header Files</Filter>
    </ClInclude>
    <ClInclude Include="targetver.h">
      <Filter>Header Files</Filter>
    </ClInclude>
  </ItemGroup>
  <ItemGroup>
    <CudaCompile Include="add_cuda.cu">
      <Filter>CUDA Kernels</Filter>
    </CudaCompile>
  </ItemGroup>
</Project>